
Microsoft Visual Studio Solution File, Format Version 12.00
# Visual Studio Version 17
VisualStudioVersion = 17.2.32616.157
MinimumVisualStudioVersion = 10.0.40219.1
Project("{FAE04EC0-301F-11D3-BF4B-00C04F79EFBC}") = "UD1-Tarea1", "UD1-Tarea1.csproj", "{54DFEFC0-93A8-440B-B55A-91F25724DC28}"
EndProject
Global
	GlobalSection(SolutionConfigurationPlatforms) = preSolution
		Debug|Any CPU = Debug|Any CPU
		Release|Any CPU = Release|Any CPU
	EndGlobalSection
	GlobalSection(ProjectConfigurationPlatforms) = postSolution
		{54DFEFC0-93A8-440B-B55A-91F25724DC28}.Debug|Any CPU.ActiveCfg = Debug|Any CPU
		{54DFEFC0-93A8-440B-B55A-91F25724DC28}.Debug|Any CPU.Build.0 = Debug|Any CPU
		{54DFEFC0-93A8-440B-B55A-91F25724DC28}.Release|Any CPU.ActiveCfg = Release|Any CPU
		{54DFEFC0-93A8-440B-B55A-91F25724DC28}.Release|Any CPU.Build.0 = Release|Any CPU
	EndGlobalSection
	GlobalSection(SolutionProperties) = preSolution
		HideSolutionNode = FALSE
	EndGlobalSection
	GlobalSection(ExtensibilityGlobals) = postSolution
		SolutionGuid = {0058235C-4BF1-4FD3-83B6-DD5075C8FD2A}
	EndGlobalSection
EndGlobal
